version = 1
revision = 3
requires-python = ">=3.14"

[[package]]
name = "anyio"
version = "4.15.1"
source = { registry = "https://pypi.org/simple" }
dependencies = [
    { name = "idna" },
    { name = "typing-extensions", marker = "python_full_version < '3.15'" },
]
sdist = { url = "https://files.pythonhosted.org/packages/a9/d2/f4d173e22df740bc37b1db102b386ba719b66e95b0f0d751f556b387e6d2/anyio-4.15.1.tar.gz", hash = "sha256:9f28306018cbd6d329e64a36d58256edff76dd996fe423bc957326e578b82a94", size = 276966, upload-time = "2026-09-05T10:42:39.44Z" }
wheels = [
    { url = "https://files.pythonhosted.org/packages/12/b8/4bd346e22b28902df4d651910f5242c28d84e4a5c2435ca5c3f797ed7e2e/anyio-4.15.1-py3-none-any.whl", hash = "sha256:6152fdbbf9a77fdec97731721bebf7c4c44f7c29b424b0065826173efc7ed101", size = 132079, upload-time = "2026-09-05T10:42:37.923Z" },
]

[[package]]
name = "certifi"
version = "2026.7.22"
source = { registry = "https://pypi.org/simple" }
sdist = { url = "https://files.pythonhosted.org/packages/a3/c2/24167ea9858356b47a87a50d39908bfdb72ceeefe0041586e704e5376b3a/certifi-2026.7.22.tar.gz", hash = "sha256:741e2c3b351ddf169a738da9f2c048608ff7f2c5cc02f1ebc6b118bb090d5d55", size = 138112, upload-time = "2026-07-22T03:35:12.644Z" }
wheels = [
    { url = "https://files.pythonhosted.org/packages/0b/a7/71ac2cff56fec219ed242bb11b8efb69fcc4bec75db06fb7bfe35de520e6/certifi-2026.7.22-py3-none-any.whl", hash = "sha256:62f22742b58a1a33014a2b6b706588a8d7e2a88ae7bd1a6ebe8c992928483775", size = 136983, upload-time = "2026-07-22T03:35:11.276Z" },
]

[[package]]
name = "colorama"
version = "0.4.6"
source = { registry = "https://pypi.org/simple" }
sdist = { url = "https://files.pythonhosted.org/packages/d8/53/6f443c9a4a8358a93a6792e2acffb9d9d5cb0a5cfd8802644b7b1c9a02e4/colorama-0.4.6.tar.gz", hash = "sha256:08695f5cb7ed6e0531a20572697297273c47b8cae5a63ffc6d6ed5c201be6e44", size = 27697, upload-time = "2022-10-25T02:36:22.414Z" }
wheels = [
    { url = "https://files.pythonhosted.org/packages/d1/d6/3965ed04c63042e047cb6a3e6ed1a63a35087b6a609aa3a15ed8ac56c221/colorama-0.4.6-py2.py3-none-any.whl", hash = "sha256:4f1d9991f5acc0ca119f9d443620b77f9d6b33703e51011c16baf57afb285fc6", size = 25335, upload-time = "2022-10-25T02:36:20.889Z" },
]

[[package]]
name = "gphoto2"
version = "2.6.4"
source = { registry = "https://pypi.org/simple" }
sdist = { url = "https://files.pythonhosted.org/packages/66/53/da9007f2902e56be9afa6606df781c85243f9f5f189c1916c2237b953360/gphoto2-2.6.4.tar.gz", hash = "sha256:78b83a9462aec01bb15cb8b05202c6652a711827a0b794c60d39272c7d604cf7", size = 578665, upload-time = "2026-06-09T15:29:42.152Z" }
wheels = [
    { url = "https://files.pythonhosted.org/packages/52/ef/d59bb8d76d4fc77f91abc2000aa985047a68074c6938876d767c53b90ab1/gphoto2-2.6.4-cp314-cp314-macosx_14_0_arm64.whl", hash = "sha256:adec0868cbfc90aa71a1f8a6e60b9e0f575ded76b5c32c95cc5af92cf64da5a6", size = 6461319, upload-time = "2026-06-09T14:43:39.957Z" },
    { url = "https://files.pythonhosted.org/packages/81/6b/6c65798bfea04f258a9e71249f8f8504960f3ce8306862dea25721a1b1eb/gphoto2-2.6.4-cp314-cp314-macosx_15_0_x86_64.whl", hash = "sha256:d6ba1ea5b2665de768a8068bcc675e535216f41d0cc2ee7532f58e62986f32d0", size = 7469530, upload-time = "2026-06-09T15:25:29.589Z" },
    { url = "https://files.pythonhosted.org/packages/c4/09/320f20d82df8e173d2d1084affa604d3f578e509d4e3479d160662b68b1e/gphoto2-2.6.4-cp314-cp314-manylinux2014_x86_64.manylinux_2_17_x86_64.whl", hash = "sha256:e13f136fc8d36af5e53213b04a62e6eb5f4f9becf6cfbf30b9d401768693ddb7", size = 11740932, upload-time = "2026-06-09T14:45:41.909Z" },
    { url = "https://files.pythonhosted.org/packages/96/2a/69a27e6443ef80202cafdc9f4993ee4a0f0691747287d386f312ea496c47/gphoto2-2.6.4-cp314-cp314-manylinux_2_28_aarch64.whl", hash = "sha256:ba607e49dd74d4e427f7b813e3906dcaa06abebbc1558d7f60d048093ef305ca", size = 12903626, upload-time = "2026-06-09T14:48:05.558Z" },
    { url = "https://files.pythonhosted.org/packages/58/80/0da76201efcdeb42dcec32f37e70be61172267ebb0f52c0f804f784a3586/gphoto2-2.6.4-cp314-cp314t-macosx_14_0_arm64.whl", hash = "sha256:31f3cb97b519efecb00da5ea9c1fe0c1eff7e62c5f5c2edc1827854a0b5b8284", size = 6471367, upload-time = "2026-06-09T14:49:08.784Z" },
    { url = "https://files.pythonhosted.org/packages/39/95/35c7287b19cec0385926ebd16c0e847e875d5049d03778bf161ad031b935/gphoto2-2.6.4-cp314-cp314t-macosx_15_0_x86_64.whl", hash = "sha256:eddbd0867f74c8348ade3c49ce314f2765503126d19b63d2b1dff02d36dff9e5", size = 7479021, upload-time = "2026-06-09T15:26:49.322Z" },
    { url = "https://files.pythonhosted.org/packages/32/73/ea89e6f0e1f505e6758848157811724d81cd9aa2ed88d60e0c07c790ff64/gphoto2-2.6.4-cp314-cp314t-manylinux2014_x86_64.manylinux_2_17_x86_64.whl", hash = "sha256:394727ecf476726ca7106e47d68d57439e7c74df8816fed0a56259951e95492f", size = 11816826, upload-time = "2026-06-09T14:51:20.538Z" },
    { url = "https://files.pythonhosted.org/packages/00/54/82d4431e80dc79591bcbad0d7e5cd6abd019bd2d4f9db48be0b9f4742b1e/gphoto2-2.6.4-cp314-cp314t-manylinux_2_28_aarch64.whl", hash = "sha256:5e511d23cf786530f05dfe84bc95de5ef22b09743a3ad38524e5cc84506580ff", size = 13067414, upload-time = "2026-06-09T14:53:39.28Z" },
]

[[package]]
name = "h11"
version = "0.16.0"
source = { registry = "https://pypi.org/simple" }
sdist = { url = "https://files.pythonhosted.org/packages/01/ee/02a2c011bdab74c6fb3c75474d40b3052059d95df7e73351460c8588d963/h11-0.16.0.tar.gz", hash = "sha256:4e35b956cf45792e4caa5885e69fba00bdbc6ffafbfa020300e549b208ee5ff1", size = 101250, upload-time = "2025-04-24T03:35:25.427Z" }
wheels = [
    { url = "https://files.pythonhosted.org/packages/04/4b/29cac41a4d98d144bf5f6d33995617b185d14b22401f75ca86f384e87ff1/h11-0.16.0-py3-none-any.whl", hash = "sha256:63cf8bbe7522de3bf65932fda1d9c2772064ffb3dae62d55932da54b31cb6c86", size = 37515, upload-time = "2025-04-24T03:35:24.344Z" },
]

[[package]]
name = "httpcore"
version = "1.0.9"
source = { registry = "https://pypi.org/simple" }
dependencies = [
    { name = "certifi" },
    { name = "h11" },
]
sdist = { url = "https://files.pythonhosted.org/packages/06/94/82699a10bca87a5556c9c59b5963f2d039dbd239f25bc2a63907a05a14cb/httpcore-1.0.9.tar.gz", hash = "sha256:6e34463af53fd2ab5d807f399a9b45ea31c3dfa2276f15a2c3f00afff6e176e8", size = 85484, upload-time = "2025-04-24T22:06:22.219Z" }
wheels = [
    { url = "https://files.pythonhosted.org/packages/7e/f5/f66802a942d491edb555dd61e3a9961140fd64c90bce1eafd741609d334d/httpcore-1.0.9-py3-none-any.whl", hash = "sha256:2d400746a40668fc9dec9810239072b40b4484b640a8c38fd654a024c7a1bf55", size = 78784, upload-time = "2025-04-24T22:06:20.566Z" },
]

[[package]]
name = "httpx"
version = "0.28.1"
source = { registry = "https://pypi.org/simple" }
dependencies = [
    { name = "anyio" },
    { name = "certifi" },
    { name = "httpcore" },
    { name = "idna" },
]
sdist = { url = "https://files.pythonhosted.org/packages/b1/df/48c586a5fe32a0f01324ee087459e112ebb7224f646c0b5023f5e79e9956/httpx-0.28.1.tar.gz", hash = "sha256:75e98c5f16b0f35b567856f597f06ff2270a374470a5c2392242528e3e3e42fc", size = 141406, upload-time = "2024-12-06T15:37:23.222Z" }
wheels = [
    { url = "https://files.pythonhosted.org/packages/2a/39/e50c7c3a983047577ee07d2a9e53faf5a69493943ec3f6a384bdc792deb2/httpx-0.28.1-py3-none-any.whl", hash = "sha256:d909fcccc110f8c7faf814ca82a9a4d816bc5a6dbfea25d6591d6985b8ba59ad", size = 73517, upload-time = "2024-12-06T15:37:21.509Z" },
]

[[package]]
name = "idna"
version = "3.20"
source = { registry = "https://pypi.org/simple" }
sdist = { url = "https://files.pythonhosted.org/packages/f5/08/8eea9d4b8302028f3abb2c0813953f7aec26d33b7a8960ed760e65ff29fa/idna-3.20.tar.gz", hash = "sha256:a7db850025b95ded1eae8a46181a1a6c56c92c96f0e2b005d9ff8dc0210cab44", size = 216463, upload-time = "2026-09-17T14:11:04.752Z" }
wheels = [
    { url = "https://files.pythonhosted.org/packages/58/a2/bb081bab032533a855d44de1d56f8e8426114ff1ba5d1f07a438a0a654f8/idna-3.20-py3-none-any.whl", hash = "sha256:ab7ae7122974553370f0bdb919e1a960b2cd1bc1ef0276416d896db81c14582c", size = 69583, upload-time = "2026-09-17T14:11:03.168Z" },
]

[[package]]
name = "iniconfig"
version = "2.3.0"
source = { registry = "https://pypi.org/simple" }
sdist = { url = "https://files.pythonhosted.org/packages/72/34/14ca021ce8e5dfedc35312d08ba8bf51fdd999c576889fc2c24cb97f4f10/iniconfig-2.3.0.tar.gz", hash = "sha256:c76315c77db068650d49c5b56314774a7804df16fee4402c1f19d6d15d8c4730", size = 20503, upload-time = "2025-10-18T21:55:43.219Z" }
wheels = [
    { url = "https://files.pythonhosted.org/packages/cb/b1/3846dd7f199d53cb17f49cba7e651e9ce294d8497c8c150530ed11865bb8/iniconfig-2.3.0-py3-none-any.whl", hash = "sha256:f631c04d2c48c52b84d0d0549c99ff3859c98df65b3101406327ecc7d53fbf12", size = 7484, upload-time = "2025-10-18T21:55:41.639Z" },
]

[[package]]
name = "packaging"
version = "26.3"
source = { registry = "https://pypi.org/simple" }
sdist = { url = "https://files.pythonhosted.org/packages/7d/fa/3944b40b07da9ce895c0e6303a5ab7d53da063554f534556b134a54d6093/packaging-26.3.tar.gz", hash = "sha256:94edc256424af38762eb31306eed28beb9f0efc50a8837492c9d6fd6004aed79", size = 313412, upload-time = "2026-08-04T18:15:28.737Z" }
wheels = [
    { url = "https://files.pythonhosted.org/packages/63/34/ba1c580383c9eada3711951fef0795c80b829a078d72188184bcab9dd527/packaging-26.3-py3-none-any.whl", hash = "sha256:d7193f7c8e4e93f444fde0262bf90af30e16fa0ad0ad44cb553c87339b23cd1c", size = 129956, upload-time = "2026-08-04T18:15:27.159Z" },
]

[[package]]
name = "photobooth"
version = "0.1.0"
source = { editable = "." }
dependencies = [
    { name = "gphoto2" },
    { name = "httpx" },
    { name = "pillow" },
    { name = "pkgconfig" },
    { name = "pyyaml" },
    { name = "timg" },
    { name = "tqdm" },
]

[package.dev-dependencies]
dev = [
    { name = "pytest" },
]

[package.metadata]
requires-dist = [
    { name = "gphoto2", specifier = ">=2.6.3" },
    { name = "httpx" },
    { name = "pillow", specifier = ">=12.2.0" },
    { name = "pkgconfig", specifier = ">=1.5.5" },
    { name = "pyyaml", specifier = ">=6.0.2" },
    { name = "timg" },
    { name = "tqdm" },
]

[package.metadata.requires-dev]
dev = [{ name = "pytest" }]

[[package]]
name = "pillow"
version = "12.2.0"
source = { registry = "https://pypi.org/simple" }
sdist = { url = "https://files.pythonhosted.org/packages/8c/21/c2bcdd5906101a30244eaffc1b6e6ce71a31bd0742a01eb89e660ebfac2d/pillow-12.2.0.tar.gz", hash = "sha256:a830b1a40919539d07806aa58e1b114df53ddd43213d9c8b75847eee6c0182b5", size = 46987819, upload-time = "2026-04-01T14:46:17.687Z" }
wheels = [
    { url = "https://files.pythonhosted.org/packages/bf/98/4595daa2365416a86cb0d495248a393dfc84e96d62ad080c8546256cb9c0/pillow-12.2.0-cp314-cp314-ios_13_0_arm64_iphoneos.whl", hash = "sha256:3adc9215e8be0448ed6e814966ecf3d9952f0ea40eb14e89a102b87f450660d8", size = 4100848, upload-time = "2026-04-01T14:44:48.48Z" },
    { url = "https://files.pythonhosted.org/packages/0b/79/40184d464cf89f6663e18dfcf7ca21aae2491fff1a16127681bf1fa9b8cf/pillow-12.2.0-cp314-cp314-ios_13_0_arm64_iphonesimulator.whl", hash = "sha256:6a9adfc6d24b10f89588096364cc726174118c62130c817c2837c60cf08a392b", size = 4176515, upload-time = "2026-04-01T14:44:51.353Z" },
    { url = "https://files.pythonhosted.org/packages/b0/63/703f86fd4c422a9cf722833670f4f71418fb116b2853ff7da722ea43f184/pillow-12.2.0-cp314-cp314-ios_13_0_x86_64_iphonesimulator.whl", hash = "sha256:6a6e67ea2e6feda684ed370f9a1c52e7a243631c025ba42149a2cc5934dec295", size = 3640159, upload-time = "2026-04-01T14:44:53.588Z" },
    { url = "https://files.pythonhosted.org/packages/71/e0/fb22f797187d0be2270f83500aab851536101b254bfa1eae10795709d283/pillow-12.2.0-cp314-cp314-macosx_10_15_x86_64.whl", hash = "sha256:2bb4a8d594eacdfc59d9e5ad972aa8afdd48d584ffd5f13a937a664c3e7db0ed", size = 5312185, upload-time = "2026-04-01T14:44:56.039Z" },
    { url = "https://files.pythonhosted.org/packages/ba/8c/1a9e46228571de18f8e28f16fabdfc20212a5d019f3e3303452b3f0a580d/pillow-12.2.0-cp314-cp314-macosx_11_0_arm64.whl", hash = "sha256:80b2da48193b2f33ed0c32c38140f9d3186583ce7d516526d462645fd98660ae", size = 4695386, upload-time = "2026-04-01T14:44:58.663Z" },
    { url = "https://files.pythonhosted.org/packages/70/62/98f6b7f0c88b9addd0e87c217ded307b36be024d4ff8869a812b241d1345/pillow-12.2.0-cp314-cp314-manylinux2014_aarch64.manylinux_2_17_aarch64.whl", hash = "sha256:22db17c68434de69d8ecfc2fe821569195c0c373b25cccb9cbdacf2c6e53c601", size = 6280384, upload-time = "2026-04-01T14:45:01.5Z" },
    { url = "https://files.pythonhosted.org/packages/5e/03/688747d2e91cfbe0e64f316cd2e8005698f76ada3130d0194664174fa5de/pillow-12.2.0-cp314-cp314-manylinux2014_x86_64.manylinux_2_17_x86_64.whl", hash = "sha256:7b14cc0106cd9aecda615dd6903840a058b4700fcb817687d0ee4fc8b6e389be", size = 8091599, upload-time = "2026-04-01T14:45:04.5Z" },
    { url = "https://files.pythonhosted.org/packages/f6/35/577e22b936fcdd66537329b33af0b4ccfefaeabd8aec04b266528cddb33c/pillow-12.2.0-cp314-cp314-manylinux_2_27_aarch64.manylinux_2_28_aarch64.whl", hash = "sha256:8cbeb542b2ebc6fcdacabf8aca8c1a97c9b3ad3927d46b8723f9d4f033288a0f", size = 6396021, upload-time = "2026-04-01T14:45:07.117Z" },
    { url = "https://files.pythonhosted.org/packages/11/8d/d2532ad2a603ca2b93ad9f5135732124e57811d0168155852f37fbce2458/pillow-12.2.0-cp314-cp314-manylinux_2_27_x86_64.manylinux_2_28_x86_64.whl", hash = "sha256:4bfd07bc812fbd20395212969e41931001fd59eb55a60658b0e5710872e95286", size = 7083360, upload-time = "2026-04-01T14:45:09.763Z" },
    { url = "https://files.pythonhosted.org/packages/5e/26/d325f9f56c7e039034897e7380e9cc202b1e368bfd04d4cbe6a441f02885/pillow-12.2.0-cp314-cp314-musllinux_1_2_aarch64.whl", hash = "sha256:9aba9a17b623ef750a4d11b742cbafffeb48a869821252b30ee21b5e91392c50", size = 6507628, upload-time = "2026-04-01T14:45:12.378Z" },
    { url = "https://files.pythonhosted.org/packages/5f/f7/769d5632ffb0988f1c5e7660b3e731e30f7f8ec4318e94d0a5d674eb65a4/pillow-12.2.0-cp314-cp314-musllinux_1_2_x86_64.whl", hash = "sha256:deede7c263feb25dba4e82ea23058a235dcc2fe1f6021025dc71f2b618e26104", size = 7209321, upload-time = "2026-04-01T14:45:15.122Z" },
    { url = "https://files.pythonhosted.org/packages/6a/7a/c253e3c645cd47f1aceea6a8bacdba9991bf45bb7dfe927f7c893e89c93c/pillow-12.2.0-cp314-cp314-win32.whl", hash = "sha256:632ff19b2778e43162304d50da0181ce24ac5bb8180122cbe1bf4673428328c7", size = 6479723, upload-time = "2026-04-01T14:45:17.797Z" },
    { url = "https://files.pythonhosted.org/packages/cd/8b/601e6566b957ca50e28725cb6c355c59c2c8609751efbecd980db44e0349/pillow-12.2.0-cp314-cp314-win_amd64.whl", hash = "sha256:4e6c62e9d237e9b65fac06857d511e90d8461a32adcc1b9065ea0c0fa3a28150", size = 7217400, upload-time = "2026-04-01T14:45:20.529Z" },
    { url = "https://files.pythonhosted.org/packages/d6/94/220e46c73065c3e2951bb91c11a1fb636c8c9ad427ac3ce7d7f3359b9b2f/pillow-12.2.0-cp314-cp314-win_arm64.whl", hash = "sha256:b1c1fbd8a5a1af3412a0810d060a78b5136ec0836c8a4ef9aa11807f2a22f4e1", size = 2554835, upload-time = "2026-04-01T14:45:23.162Z" },
    { url = "https://files.pythonhosted.org/packages/b6/ab/1b426a3974cb0e7da5c29ccff4807871d48110933a57207b5a676cccc155/pillow-12.2.0-cp314-cp314t-macosx_10_15_x86_64.whl", hash = "sha256:57850958fe9c751670e49b2cecf6294acc99e562531f4bd317fa5ddee2068463", size = 5314225, upload-time = "2026-04-01T14:45:25.637Z" },
    { url = "https://files.pythonhosted.org/packages/19/1e/dce46f371be2438eecfee2a1960ee2a243bbe5e961890146d2dee1ff0f12/pillow-12.2.0-cp314-cp314t-macosx_11_0_arm64.whl", hash = "sha256:d5d38f1411c0ed9f97bcb49b7bd59b6b7c314e0e27420e34d99d844b9ce3b6f3", size = 4698541, upload-time = "2026-04-01T14:45:28.355Z" },
    { url = "https://files.pythonhosted.org/packages/55/c3/7fbecf70adb3a0c33b77a300dc52e424dc22ad8cdc06557a2e49523b703d/pillow-12.2.0-cp314-cp314t-manylinux2014_aarch64.manylinux_2_17_aarch64.whl", hash = "sha256:5c0a9f29ca8e79f09de89293f82fc9b0270bb4af1d58bc98f540cc4aedf03166", size = 6322251, upload-time = "2026-04-01T14:45:30.924Z" },
    { url = "https://files.pythonhosted.org/packages/1c/3c/7fbc17cfb7e4fe0ef1642e0abc17fc6c94c9f7a16be41498e12e2ba60408/pillow-12.2.0-cp314-cp314t-manylinux2014_x86_64.manylinux_2_17_x86_64.whl", hash = "sha256:1610dd6c61621ae1cf811bef44d77e149ce3f7b95afe66a4512f8c59f25d9ebe", size = 8127807, upload-time = "2026-04-01T14:45:33.908Z" },
    { url = "https://files.pythonhosted.org/packages/ff/c3/a8ae14d6defd2e448493ff512fae903b1e9bd40b72efb6ec55ce0048c8ce/pillow-12.2.0-cp314-cp314t-manylinux_2_27_aarch64.manylinux_2_28_aarch64.whl", hash = "sha256:0a34329707af4f73cf1782a36cd2289c0368880654a2c11f027bcee9052d35dd", size = 6433935, upload-time = "2026-04-01T14:45:36.623Z" },
    { url = "https://files.pythonhosted.org/packages/6e/32/2880fb3a074847ac159d8f902cb43278a61e85f681661e7419e6596803ed/pillow-12.2.0-cp314-cp314t-manylinux_2_27_x86_64.manylinux_2_28_x86_64.whl", hash = "sha256:8e9c4f5b3c546fa3458a29ab22646c1c6c787ea8f5ef51300e5a60300736905e", size = 7116720, upload-time = "2026-04-01T14:45:39.258Z" },
    { url = "https://files.pythonhosted.org/packages/46/87/495cc9c30e0129501643f24d320076f4cc54f718341df18cc70ec94c44e1/pillow-12.2.0-cp314-cp314t-musllinux_1_2_aarch64.whl", hash = "sha256:fb043ee2f06b41473269765c2feae53fc2e2fbf96e5e22ca94fb5ad677856f06", size = 6540498, upload-time = "2026-04-01T14:45:41.879Z" },
    { url = "https://files.pythonhosted.org/packages/18/53/773f5edca692009d883a72211b60fdaf8871cbef075eaa9d577f0a2f989e/pillow-12.2.0-cp314-cp314t-musllinux_1_2_x86_64.whl", hash = "sha256:f278f034eb75b4e8a13a54a876cc4a5ab39173d2cdd93a638e1b467fc545ac43", size = 7239413, upload-time = "2026-04-01T14:45:44.705Z" },
    { url = "https://files.pythonhosted.org/packages/c9/e4/4b64a97d71b2a83158134abbb2f5bd3f8a2ea691361282f010998f339ec7/pillow-12.2.0-cp314-cp314t-win32.whl", hash = "sha256:6bb77b2dcb06b20f9f4b4a8454caa581cd4dd0643a08bacf821216a16d9c8354", size = 6482084, upload-time = "2026-04-01T14:45:47.568Z" },
    { url = "https://files.pythonhosted.org/packages/ba/13/306d275efd3a3453f72114b7431c877d10b1154014c1ebbedd067770d629/pillow-12.2.0-cp314-cp314t-win_amd64.whl", hash = "sha256:6562ace0d3fb5f20ed7290f1f929cae41b25ae29528f2af1722966a0a02e2aa1", size = 7225152, upload-time = "2026-04-01T14:45:50.032Z" },
    { url = "https://files.pythonhosted.org/packages/ff/6e/cf826fae916b8658848d7b9f38d88da6396895c676e8086fc0988073aaf8/pillow-12.2.0-cp314-cp314t-win_arm64.whl", hash = "sha256:aa88ccfe4e32d362816319ed727a004423aab09c5cea43c01a4b435643fa34eb", size = 2556579, upload-time = "2026-04-01T14:45:52.529Z" },
]

[[package]]
name = "pkgconfig"
version = "1.5.5"
source = { registry = "https://pypi.org/simple" }
sdist = { url = "https://files.pythonhosted.org/packages/c4/e0/e05fee8b5425db6f83237128742e7e5ef26219b687ab8f0d41ed0422125e/pkgconfig-1.5.5.tar.gz", hash = "sha256:deb4163ef11f75b520d822d9505c1f462761b4309b1bb713d08689759ea8b899", size = 6082, upload-time = "2021-07-19T18:49:51.669Z" }
wheels = [
    { url = "https://files.pythonhosted.org/packages/32/af/89487c7bbf433f4079044f3dc32f9a9f887597fe04614a37a292e373e16b/pkgconfig-1.5.5-py3-none-any.whl", hash = "sha256:d20023bbeb42ee6d428a0fac6e0904631f545985a10cdd71a20aa58bc47a4209", size = 6732, upload-time = "2021-07-19T18:49:50.195Z" },
]

[[package]]
name = "pluggy"
version = "1.6.0"
source = { registry = "https://pypi.org/simple" }
sdist = { url = "https://files.pythonhosted.org/packages/f9/e2/3e91f31a7d2b083fe6ef3fa267035b518369d9511ffab804f839851d2779/pluggy-1.6.0.tar.gz", hash = "sha256:7dcc130b76258d33b90f61b658791dede3486c3e6bfb003ee5c9bfb396dd22f3", size = 69412, upload-time = "2025-05-15T12:30:07.975Z" }
wheels = [
    { url = "https://files.pythonhosted.org/packages/54/20/4d324d65cc6d9205fabedc306948156824eb9f0ee1633355a8f7ec5c66bf/pluggy-1.6.0-py3-none-any.whl", hash = "sha256:e920276dd6813095e9377c0bc5566d94c932c33b27a3e3945d8389c374dd4746", size = 20538, upload-time = "2025-05-15T12:30:06.134Z" },
]

[[package]]
name = "pygments"
version = "2.21.0"
source = { registry = "https://pypi.org/simple" }
sdist = { url = "https://files.pythonhosted.org/packages/49/2e/ced460408999b33da6b31b0021b0f37d329e202d4169aeb164493778f25b/pygments-2.21.0.tar.gz", hash = "sha256:610ca751c9bc2492b38eb9a38a7fbc93edbbb2d7182edaf34e66ae493dee5c8c", size = 5005329, upload-time = "2026-08-17T08:02:48.824Z" }
wheels = [
    { url = "https://files.pythonhosted.org/packages/71/46/17f022dd3e953bf20a04a028a21ec746d942f8d2af30fa0f124fa0e6a684/pygments-2.21.0-py3-none-any.whl", hash = "sha256:2363c69b61c4a97c838da3b130dcd6468f4848992b21a82f2a63ec34377137d9", size = 1250147, upload-time = "2026-08-17T08:02:44.912Z" },
]

[[package]]
name = "pytest"
version = "9.1.1"
source = { registry = "https://pypi.org/simple" }
dependencies = [
    { name = "colorama", marker = "sys_platform == 'win32'" },
    { name = "iniconfig" },
    { name = "packaging" },
    { name = "pluggy" },
    { name = "pygments" },
]
sdist = { url = "https://files.pythonhosted.org/packages/e4/47/b9efed96c114afcfa3c9d3fe98a76a1d14c74a9e266d397cf6eb64be5e01/pytest-9.1.1.tar.gz", hash = "sha256:1088fbde8f2b49d95a549a195707afa7a76a3ce9bcadc26b6d71f0ffda5fe313", size = 1636369, upload-time = "2026-06-19T10:58:32.857Z" }
wheels = [
    { url = "https://files.pythonhosted.org/packages/24/25/1de2678b631f5a49215c6c96fff41ba892b0a34df68d6d80292b1b48aa7f/pytest-9.1.1-py3-none-any.whl", hash = "sha256:37a86b45efb9a47a61a36449063e8e18d0cab3161329fc099eb21783169c4f0c", size = 386536, upload-time = "2026-06-19T10:58:31.347Z" },
]

[[package]]
name = "pyyaml"
version = "6.0.2"
source = { registry = "https://pypi.org/simple" }
sdist = { url = "https://files.pythonhosted.org/packages/54/ed/79a089b6be93607fa5cdaedf301d7dfb23af5f25c398d5ead2525b063e17/pyyaml-6.0.2.tar.gz", hash = "sha256:d584d9ec91ad65861cc08d42e834324ef890a082e591037abe114850ff7bbc3e", size = 130631, upload-time = "2024-08-06T20:33:50.674Z" }

[[package]]
name = "timg"
version = "1.2.0"
source = { registry = "https://pypi.org/simple" }
dependencies = [
    { name = "pillow" },
]
sdist = { url = "https://files.pythonhosted.org/packages/34/ad/fd2b637afaa56d87783a2fa1144bae66f60e285733952de5926a0497eb96/timg-1.2.0.tar.gz", hash = "sha256:c267db8a69c6419ce3021080c1dd43150cdd09ff55ee54c2b8c17ae5e0e477c1", size = 13771, upload-time = "2026-07-28T12:28:33.677Z" }
wheels = [
    { url = "https://files.pythonhosted.org/packages/cc/3a/7e16252adfcd7adc1481ea080964ada0f229072a09da56fcdc2c7bc89954/timg-1.2.0-py3-none-any.whl", hash = "sha256:b036a938b246c2fc4bcff255517030f39535139d2fa7b5a09b012bcfe08c6015", size = 12871, upload-time = "2026-07-28T12:28:32.509Z" },
]

[[package]]
name = "tqdm"
version = "4.70.1"
source = { registry = "https://pypi.org/simple" }
dependencies = [
    { name = "colorama", marker = "sys_platform == 'win32'" },
]
sdist = { url = "https://files.pythonhosted.org/packages/0d/ea/b2a5bd54b28a324dae8211928b2d730b6547500342c7e6c6dea08bd0a485/tqdm-4.70.1.tar.gz", hash = "sha256:cefd0eca11b2a37a3aee776544d4f4ae913f02688135b5556b8788dfa474afc4", size = 171846, upload-time = "2026-09-11T07:25:16.601Z" }
wheels = [
    { url = "https://files.pythonhosted.org/packages/a7/03/921a3d3c75785aca9ebfbfcabfbc3a1be12e2ab5265deb026d55a5a3f83e/tqdm-4.70.1-py3-none-any.whl", hash = "sha256:c293e525e6fef9c20e8728fd4612df02a0aa31bb5fe91ecd93e123b1b7bffa73", size = 80199, upload-time = "2026-09-11T07:25:14.599Z" },
]

[[package]]
name = "typing-extensions"
version = "4.16.0"
source = { registry = "https://pypi.org/simple" }
sdist = { url = "https://files.pythonhosted.org/packages/f6/cc/6253133b5bb138fc3306cebfbda2c520f545d36b5be2c7255cc528bb45d6/typing_extensions-4.16.0.tar.gz", hash = "sha256:dc983d19a509c94dba722ee6abd33940f7c05a89e243c47e907eb4db6f1a43e5", size = 113555, upload-time = "2026-07-02T08:40:05.92Z" }
wheels = [
    { url = "https://files.pythonhosted.org/packages/49/d3/b8441a820a491ddfc024b0b0cf0393375b75ea13866d9c66727e54c2fc80/typing_extensions-4.16.0-py3-none-any.whl", hash = "sha256:481caa481374e813c1b176ada14e97f1f67a4539ce9cfeb3f350d78d6370c2e8", size = 45571, upload-time = "2026-07-02T08:40:04.659Z" },
]
